
Microsoft Visual Studio Solution File, Format Version 12.00
# Visual Studio Version 17
VisualStudioVersion = 17.8.34525.116
MinimumVisualStudioVersion = 10.0.40219.1
Project("{FAE04EC0-301F-11D3-BF4B-00C04F79EFBC}") = "BankConsoleApp", "BankConsoleApp\BankConsoleApp.csproj", "{BFB15FA8-A5BF-47ED-A968-38C8BF30E9A3}"
EndProject
Project("{FAE04EC0-301F-11D3-BF4B-00C04F79EFBC}") = "BankConsoleApp.Test", "BankConsoleApp.Test\BankConsoleApp.Test.csproj", "{A5FEC915-D38F-4066-A39D-B28494E6FBE9}"
EndProject
Global
	GlobalSection(SolutionConfigurationPlatforms) = preSolution
		Debug|Any CPU = Debug|Any CPU
		Release|Any CPU = Release|Any CPU
	EndGlobalSection
	GlobalSection(ProjectConfigurationPlatforms) = postSolution
		{BFB15FA8-A5BF-47ED-A968-38C8BF30E9A3}.Debug|Any CPU.ActiveCfg = Debug|Any CPU
		{BFB15FA8-A5BF-47ED-A968-38C8BF30E9A3}.Debug|Any CPU.Build.0 = Debug|Any CPU
		{BFB15FA8-A5BF-47ED-A968-38C8BF30E9A3}.Release|Any CPU.ActiveCfg = Release|Any CPU
		{BFB15FA8-A5BF-47ED-A968-38C8BF30E9A3}.Release|Any CPU.Build.0 = Release|Any CPU
		{A5FEC915-D38F-4066-A39D-B28494E6FBE9}.Debug|Any CPU.ActiveCfg = Debug|Any CPU
		{A5FEC915-D38F-4066-A39D-B28494E6FBE9}.Debug|Any CPU.Build.0 = Debug|Any CPU
		{A5FEC915-D38F-4066-A39D-B28494E6FBE9}.Release|Any CPU.ActiveCfg = Release|Any CPU
		{A5FEC915-D38F-4066-A39D-B28494E6FBE9}.Release|Any CPU.Build.0 = Release|Any CPU
	EndGlobalSection
	GlobalSection(SolutionProperties) = preSolution
		HideSolutionNode = FALSE
	EndGlobalSection
	GlobalSection(ExtensibilityGlobals) = postSolution
		SolutionGuid = {6F0B79EB-8519-4FB3-957E-D03015A1A193}
	EndGlobalSection
EndGlobal
